PODS:
  - Expecta (1.0.0)
  - Specta (0.2.1)
  - XirSys (0.2)

DEPENDENCIES:
  - Expecta
  - Specta (~> 0.2.1)
  - XirSys (from `../`)

EXTERNAL SOURCES:
  XirSys:
    :path: "../"

SPEC CHECKSUMS:
  Expecta: 32604574add2c46a36f8d2f716b6c5736eb75024
  Specta: 15a276a6343867b426d5ed135d5aa4d04123a573
  XirSys: b6184f2667e4b12fa92348f7a1987757087e5cfe

COCOAPODS: 0.37.1
